
Microsoft Visual Studio Solution File, Format Version 12.00
# Visual Studio 2012
Project("{FAE04EC0-301F-11D3-BF4B-00C04F79EFBC}") = "CoAPNonIP_iOS", "CoAPNonIP_iOS.csproj", "{ABA8C3C3-DC43-4312-9046-40754E32CB36}"
EndProject
Global
	GlobalSection(SolutionConfigurationPlatforms) = preSolution
		Debug|iPhoneSimulator = Debug|iPhoneSimulator
		Release|iPhone = Release|iPhone
		Release|iPhoneSimulator = Release|iPhoneSimulator
		Debug|iPhone = Debug|iPhone
	EndGlobalSection
	GlobalSection(ProjectConfigurationPlatforms) = postSolution
		{ABA8C3C3-DC43-4312-9046-40754E32CB36}.Debug|iPhone.ActiveCfg = Debug|iPhone
		{ABA8C3C3-DC43-4312-9046-40754E32CB36}.Debug|iPhone.Build.0 = Debug|iPhone
		{ABA8C3C3-DC43-4312-9046-40754E32CB36}.Debug|iPhoneSimulator.ActiveCfg = Debug|iPhoneSimulator
		{ABA8C3C3-DC43-4312-9046-40754E32CB36}.Debug|iPhoneSimulator.Build.0 = Debug|iPhoneSimulator
		{ABA8C3C3-DC43-4312-9046-40754E32CB36}.Release|iPhone.ActiveCfg = Release|iPhone
		{ABA8C3C3-DC43-4312-9046-40754E32CB36}.Release|iPhone.Build.0 = Release|iPhone
		{ABA8C3C3-DC43-4312-9046-40754E32CB36}.Release|iPhoneSimulator.ActiveCfg = Release|iPhoneSimulator
		{ABA8C3C3-DC43-4312-9046-40754E32CB36}.Release|iPhoneSimulator.Build.0 = Release|iPhoneSimulator
	EndGlobalSection
EndGlobal
